// !$*UTF8*$!
{
	archiveVersion = 1;
	classes = {
	};
	objectVersion = 50;
	objects = {

/* Begin PBXBuildFile section */
		3AC9AE0F8CE77DA321D3C4AE /* Pods_TheMovieDBTests.framework in Frameworks */ = {isa = PBXBuildFile; fileRef = C483BA84845113E7A6545967 /* Pods_TheMovieDBTests.framework */; };
		B5F4E5A620BD61EF00859B3C /* AppDelegate.swift in Sources */ = {isa = PBXBuildFile; fileRef = B5F4E5A520BD61EF00859B3C /* AppDelegate.swift */; };
		B5F4E5A820BD61EF00859B3C /* NowPlayingViewController.swift in Sources */ = {isa = PBXBuildFile; fileRef = B5F4E5A720BD61EF00859B3C /* NowPlayingViewController.swift */; };
		B5F4E5AB20BD61EF00859B3C /* Main.storyboard in Resources */ = {isa = PBXBuildFile; fileRef = B5F4E5A920BD61EF00859B3C /* Main.storyboard */; };
		B5F4E5AD20BD61F100859B3C /* Assets.xcassets in Resources */ = {isa = PBXBuildFile; fileRef = B5F4E5AC20BD61F100859B3C /* Assets.xcassets */; };
		B5F4E5B020BD61F100859B3C /* LaunchScreen.storyboard in Resources */ = {isa = PBXBuildFile; fileRef = B5F4E5AE20BD61F100859B3C /* LaunchScreen.storyboard */; };
		B5F4E5CB20BD639E00859B3C /* StoryboardInitializable.swift in Sources */ = {isa = PBXBuildFile; fileRef = B5F4E5CA20BD639E00859B3C /* StoryboardInitializable.swift */; };
		B5F4E5CD20BD640000859B3C /* MovieDetailsViewController.swift in Sources */ = {isa = PBXBuildFile; fileRef = B5F4E5CC20BD640000859B3C /* MovieDetailsViewController.swift */; };
		B5F4E5D020BD645E00859B3C /* MovieListCollectionViewCell.swift in Sources */ = {isa = PBXBuildFile; fileRef = B5F4E5CF20BD645E00859B3C /* MovieListCollectionViewCell.swift */; };
		B5F4E5D220BD659A00859B3C /* MovieDBService.swift in Sources */ = {isa = PBXBuildFile; fileRef = B5F4E5D120BD659A00859B3C /* MovieDBService.swift */; };
		B5F4E5D520BD65BF00859B3C /* Movie.swift in Sources */ = {isa = PBXBuildFile; fileRef = B5F4E5D420BD65BF00859B3C /* Movie.swift */; };
		B5F4E5D720BD65CC00859B3C /* MovieCollection.swift in Sources */ = {isa = PBXBuildFile; fileRef = B5F4E5D620BD65CC00859B3C /* MovieCollection.swift */; };
		B5F4E5D920BD65E900859B3C /* NowPlayingMovies.swift in Sources */ = {isa = PBXBuildFile; fileRef = B5F4E5D820BD65E900859B3C /* NowPlayingMovies.swift */; };
		B5F4E5DB20BD660200859B3C /* DateFormatter+AppSpecific.swift in Sources */ = {isa = PBXBuildFile; fileRef = B5F4E5DA20BD660200859B3C /* DateFormatter+AppSpecific.swift */; };
		B5F4E5DD20BD662C00859B3C /* MovieDBServiceSpec.swift in Sources */ = {isa = PBXBuildFile; fileRef = B5F4E5DC20BD662C00859B3C /* MovieDBServiceSpec.swift */; };
		B5F4E5E120BD66C700859B3C /* nowplaying-mock.json in Resources */ = {isa = PBXBuildFile; fileRef = B5F4E5E020BD66C700859B3C /* nowplaying-mock.json */; };
		B5F4E5E320BD66D700859B3C /* moviedetails-mock.json in Resources */ = {isa = PBXBuildFile; fileRef = B5F4E5E220BD66D700859B3C /* moviedetails-mock.json */; };
		B5F4E5E520BD67C100859B3C /* ImageService.swift in Sources */ = {isa = PBXBuildFile; fileRef = B5F4E5E420BD67C100859B3C /* ImageService.swift */; };
		B5F4E5E720BD683F00859B3C /* ImageServiceSpec.swift in Sources */ = {isa = PBXBuildFile; fileRef = B5F4E5E620BD683F00859B3C /* ImageServiceSpec.swift */; };
		B5F4E5E920BD6A3500859B3C /* mock-image.png in Resources */ = {isa = PBXBuildFile; fileRef = B5F4E5E820BD6A3500859B3C /* mock-image.png */; };
		B5F4E5EB20BD6B5600859B3C /* UIImageView+Network.swift in Sources */ = {isa = PBXBuildFile; fileRef = B5F4E5EA20BD6B5600859B3C /* UIImageView+Network.swift */; };
		B5F4E5ED20BD6C2F00859B3C /* UIImageViewNetworkSpecs.swift in Sources */ = {isa = PBXBuildFile; fileRef = B5F4E5EC20BD6C2F00859B3C /* UIImageViewNetworkSpecs.swift */; };
		B5F4E5EF20BD6D3C00859B3C /* FixedGridCellSizing.swift in Sources */ = {isa = PBXBuildFile; fileRef = B5F4E5EE20BD6D3C00859B3C /* FixedGridCellSizing.swift */; };
		B5F4E5F120BD6D9E00859B3C /* FixedGridCellSizingSpec.swift in Sources */ = {isa = PBXBuildFile; fileRef = B5F4E5F020BD6D9E00859B3C /* FixedGridCellSizingSpec.swift */; };
		B5F4E5F520BD6EFA00859B3C /* NowPlayingViewModel.swift in Sources */ = {isa = PBXBuildFile; fileRef = B5F4E5F420BD6EFA00859B3C /* NowPlayingViewModel.swift */; };
		B5F4E5F720BD7D7B00859B3C /* NowPlayingViewModelSpec.swift in Sources */ = {isa = PBXBuildFile; fileRef = B5F4E5F620BD7D7B00859B3C /* NowPlayingViewModelSpec.swift */; };
		B5F4E5FA20BD85D400859B3C /* MovieDBServiceMock.swift in Sources */ = {isa = PBXBuildFile; fileRef = B5F4E5F920BD85D400859B3C /* MovieDBServiceMock.swift */; };
		B5F4E5FC20BD88C300859B3C /* NowPlayingViewControllerSpec.swift in Sources */ = {isa = PBXBuildFile; fileRef = B5F4E5FB20BD88C300859B3C /* NowPlayingViewControllerSpec.swift */; };
		D2A05AF8249E3A6DA266B3DB /* Pods_TheMovieDB.framework in Frameworks */ = {isa = PBXBuildFile; fileRef = CAE0EAB035B2BC7B05AF9DF5 /* Pods_TheMovieDB.framework */; };
/* End PBXBuildFile section */

/* Begin PBXContainerItemProxy section */
		B5F4E5B720BD61F100859B3C /* PBXContainerItemProxy */ = {
			isa = PBXContainerItemProxy;
			containerPortal = B5F4E59A20BD61EF00859B3C /* Project object */;
			proxyType = 1;
			remoteGlobalIDString = B5F4E5A120BD61EF00859B3C;
			remoteInfo = TheMovieDB;
		};
/* End PBXContainerItemProxy section */

/* Begin PBXFileReference section */
		B1469994C1AA5ED239FBD47E /* Pods-TheMovieDB.debug.xcconfig */ = {isa = PBXFileReference; includeInIndex = 1; lastKnownFileType = text.xcconfig; name = "Pods-TheMovieDB.debug.xcconfig"; path = "Pods/Target Support Files/Pods-TheMovieDB/Pods-TheMovieDB.debug.xcconfig"; sourceTree = "<group>"; };
		B5F4E5A220BD61EF00859B3C /* TheMovieDB.app */ = {isa = PBXFileReference; explicitFileType = wrapper.application; includeInIndex = 0; path = TheMovieDB.app; sourceTree = BUILT_PRODUCTS_DIR; };
		B5F4E5A520BD61EF00859B3C /* AppDelegate.swift */ = {isa = PBXFileReference; lastKnownFileType = sourcecode.swift; path = AppDelegate.swift; sourceTree = "<group>"; };
		B5F4E5A720BD61EF00859B3C /* NowPlayingViewController.swift */ = {isa = PBXFileReference; lastKnownFileType = sourcecode.swift; path = NowPlayingViewController.swift; sourceTree = "<group>"; };
		B5F4E5AA20BD61EF00859B3C /* Base */ = {isa = PBXFileReference; lastKnownFileType = file.storyboard; name = Base; path = Base.lproj/Main.storyboard; sourceTree = "<group>"; };
		B5F4E5AC20BD61F100859B3C /* Assets.xcassets */ = {isa = PBXFileReference; lastKnownFileType = folder.assetcatalog; path = Assets.xcassets; sourceTree = "<group>"; };
		B5F4E5AF20BD61F100859B3C /* Base */ = {isa = PBXFileReference; lastKnownFileType = file.storyboard; name = Base; path = Base.lproj/LaunchScreen.storyboard; sourceTree = "<group>"; };
		B5F4E5B120BD61F100859B3C /* Info.plist */ = {isa = PBXFileReference; lastKnownFileType = text.plist.xml; path = Info.plist; sourceTree = "<group>"; };
		B5F4E5B620BD61F100859B3C /* TheMovieDBTests.xctest */ = {isa = PBXFileReference; explicitFileType = wrapper.cfbundle; includeInIndex = 0; path = TheMovieDBTests.xctest; sourceTree = BUILT_PRODUCTS_DIR; };
		B5F4E5BC20BD61F100859B3C /* Info.plist */ = {isa = PBXFileReference; lastKnownFileType = text.plist.xml; path = Info.plist; sourceTree = "<group>"; };
		B5F4E5CA20BD639E00859B3C /* StoryboardInitializable.swift */ = {isa = PBXFileReference; lastKnownFileType = sourcecode.swift; path = StoryboardInitializable.swift; sourceTree = "<group>"; };
		B5F4E5CC20BD640000859B3C /* MovieDetailsViewController.swift */ = {isa = PBXFileReference; lastKnownFileType = sourcecode.swift; path = MovieDetailsViewController.swift; sourceTree = "<group>"; };
		B5F4E5CF20BD645E00859B3C /* MovieListCollectionViewCell.swift */ = {isa = PBXFileReference; lastKnownFileType = sourcecode.swift; path = MovieListCollectionViewCell.swift; sourceTree = "<group>"; };
		B5F4E5D120BD659A00859B3C /* MovieDBService.swift */ = {isa = PBXFileReference; lastKnownFileType = sourcecode.swift; path = MovieDBService.swift; sourceTree = "<group>"; };
		B5F4E5D420BD65BF00859B3C /* Movie.swift */ = {isa = PBXFileReference; lastKnownFileType = sourcecode.swift; path = Movie.swift; sourceTree = "<group>"; };
		B5F4E5D620BD65CC00859B3C /* MovieCollection.swift */ = {isa = PBXFileReference; lastKnownFileType = sourcecode.swift; path = MovieCollection.swift; sourceTree = "<group>"; };
		B5F4E5D820BD65E900859B3C /* NowPlayingMovies.swift */ = {isa = PBXFileReference; lastKnownFileType = sourcecode.swift; path = NowPlayingMovies.swift; sourceTree = "<group>"; };
		B5F4E5DA20BD660200859B3C /* DateFormatter+AppSpecific.swift */ = {isa = PBXFileReference; lastKnownFileType = sourcecode.swift; path = "DateFormatter+AppSpecific.swift"; sourceTree = "<group>"; };
		B5F4E5DC20BD662C00859B3C /* MovieDBServiceSpec.swift */ = {isa = PBXFileReference; lastKnownFileType = sourcecode.swift; path = MovieDBServiceSpec.swift; sourceTree = "<group>"; };
		B5F4E5E020BD66C700859B3C /* nowplaying-mock.json */ = {isa = PBXFileReference; lastKnownFileType = text.json; path = "nowplaying-mock.json"; sourceTree = "<group>"; };
		B5F4E5E220BD66D700859B3C /* moviedetails-mock.json */ = {isa = PBXFileReference; lastKnownFileType = text.json; path = "moviedetails-mock.json"; sourceTree = "<group>"; };
		B5F4E5E420BD67C100859B3C /* ImageService.swift */ = {isa = PBXFileReference; lastKnownFileType = sourcecode.swift; path = ImageService.swift; sourceTree = "<group>"; };
		B5F4E5E620BD683F00859B3C /* ImageServiceSpec.swift */ = {isa = PBXFileReference; lastKnownFileType = sourcecode.swift; path = ImageServiceSpec.swift; sourceTree = "<group>"; };
		B5F4E5E820BD6A3500859B3C /* mock-image.png */ = {isa = PBXFileReference; lastKnownFileType = image.png; path = "mock-image.png"; sourceTree = "<group>"; };
		B5F4E5EA20BD6B5600859B3C /* UIImageView+Network.swift */ = {isa = PBXFileReference; lastKnownFileType = sourcecode.swift; path = "UIImageView+Network.swift"; sourceTree = "<group>"; };
		B5F4E5EC20BD6C2F00859B3C /* UIImageViewNetworkSpecs.swift */ = {isa = PBXFileReference; lastKnownFileType = sourcecode.swift; path = UIImageViewNetworkSpecs.swift; sourceTree = "<group>"; };
		B5F4E5EE20BD6D3C00859B3C /* FixedGridCellSizing.swift */ = {isa = PBXFileReference; lastKnownFileType = sourcecode.swift; path = FixedGridCellSizing.swift; sourceTree = "<group>"; };
		B5F4E5F020BD6D9E00859B3C /* FixedGridCellSizingSpec.swift */ = {isa = PBXFileReference; lastKnownFileType = sourcecode.swift; path = FixedGridCellSizingSpec.swift; sourceTree = "<group>"; };
		B5F4E5F420BD6EFA00859B3C /* NowPlayingViewModel.swift */ = {isa = PBXFileReference; lastKnownFileType = sourcecode.swift; path = NowPlayingViewModel.swift; sourceTree = "<group>"; };
		B5F4E5F620BD7D7B00859B3C /* NowPlayingViewModelSpec.swift */ = {isa = PBXFileReference; lastKnownFileType = sourcecode.swift; path = NowPlayingViewModelSpec.swift; sourceTree = "<group>"; };
		B5F4E5F920BD85D400859B3C /* MovieDBServiceMock.swift */ = {isa = PBXFileReference; lastKnownFileType = sourcecode.swift; path = MovieDBServiceMock.swift; sourceTree = "<group>"; };
		B5F4E5FB20BD88C300859B3C /* NowPlayingViewControllerSpec.swift */ = {isa = PBXFileReference; lastKnownFileType = sourcecode.swift; path = NowPlayingViewControllerSpec.swift; sourceTree = "<group>"; };
		C22D09992816FDD48C8D3ED0 /* Pods-TheMovieDBTests.release.xcconfig */ = {isa = PBXFileReference; includeInIndex = 1; lastKnownFileType = text.xcconfig; name = "Pods-TheMovieDBTests.release.xcconfig"; path = "Pods/Target Support Files/Pods-TheMovieDBTests/Pods-TheMovieDBTests.release.xcconfig"; sourceTree = "<group>"; };
		C483BA84845113E7A6545967 /* Pods_TheMovieDBTests.framework */ = {isa = PBXFileReference; explicitFileType = wrapper.framework; includeInIndex = 0; path = Pods_TheMovieDBTests.framework; sourceTree = BUILT_PRODUCTS_DIR; };
		CAE0EAB035B2BC7B05AF9DF5 /* Pods_TheMovieDB.framework */ = {isa = PBXFileReference; explicitFileType = wrapper.framework; includeInIndex = 0; path = Pods_TheMovieDB.framework; sourceTree = BUILT_PRODUCTS_DIR; };
		DE2B19F8BF50A3BF736FAD2A /* Pods-TheMovieDB.release.xcconfig */ = {isa = PBXFileReference; includeInIndex = 1; lastKnownFileType = text.xcconfig; name = "Pods-TheMovieDB.release.xcconfig"; path = "Pods/Target Support Files/Pods-TheMovieDB/Pods-TheMovieDB.release.xcconfig"; sourceTree = "<group>"; };
		FD32B3D71782F190D58F88D7 /* Pods-TheMovieDBTests.debug.xcconfig */ = {isa = PBXFileReference; includeInIndex = 1; lastKnownFileType = text.xcconfig; name = "Pods-TheMovieDBTests.debug.xcconfig"; path = "Pods/Target Support Files/Pods-TheMovieDBTests/Pods-TheMovieDBTests.debug.xcconfig"; sourceTree = "<group>"; };
/* End PBXFileReference section */

/* Begin PBXFrameworksBuildPhase section */
		B5F4E59F20BD61EF00859B3C /* Frameworks */ = {
			isa = PBXFrameworksBuildPhase;
			buildActionMask = 2147483647;
			files = (
				D2A05AF8249E3A6DA266B3DB /* Pods_TheMovieDB.framework in Frameworks */,
			);
			runOnlyForDeploymentPostprocessing = 0;
		};
		B5F4E5B320BD61F100859B3C /* Frameworks */ = {
			isa = PBXFrameworksBuildPhase;
			buildActionMask = 2147483647;
			files = (
				3AC9AE0F8CE77DA321D3C4AE /* Pods_TheMovieDBTests.framework in Frameworks */,
			);
			runOnlyForDeploymentPostprocessing = 0;
		};
/* End PBXFrameworksBuildPhase section */

/* Begin PBXGroup section */
		8524179F182032D271067C3F /* Pods */ = {
			isa = PBXGroup;
			children = (
				B1469994C1AA5ED239FBD47E /* Pods-TheMovieDB.debug.xcconfig */,
				DE2B19F8BF50A3BF736FAD2A /* Pods-TheMovieDB.release.xcconfig */,
				FD32B3D71782F190D58F88D7 /* Pods-TheMovieDBTests.debug.xcconfig */,
				C22D09992816FDD48C8D3ED0 /* Pods-TheMovieDBTests.release.xcconfig */,
			);
			name = Pods;
			sourceTree = "<group>";
		};
		B5F4E59920BD61EF00859B3C = {
			isa = PBXGroup;
			children = (
				B5F4E5A420BD61EF00859B3C /* TheMovieDB */,
				B5F4E5B920BD61F100859B3C /* TheMovieDBTests */,
				B5F4E5A320BD61EF00859B3C /* Products */,
				8524179F182032D271067C3F /* Pods */,
				DC20FF27D16E28CE30C0677D /* Frameworks */,
			);
			sourceTree = "<group>";
		};
		B5F4E5A320BD61EF00859B3C /* Products */ = {
			isa = PBXGroup;
			children = (
				B5F4E5A220BD61EF00859B3C /* TheMovieDB.app */,
				B5F4E5B620BD61F100859B3C /* TheMovieDBTests.xctest */,
			);
			name = Products;
			sourceTree = "<group>";
		};
		B5F4E5A420BD61EF00859B3C /* TheMovieDB */ = {
			isa = PBXGroup;
			children = (
				B5F4E5C520BD631200859B3C /* App */,
				B5F4E5C620BD631900859B3C /* Library */,
				B5F4E5C720BD632900859B3C /* Networking */,
				B5F4E5C820BD633000859B3C /* Controllers */,
				B5F4E5A920BD61EF00859B3C /* Main.storyboard */,
				B5F4E5AC20BD61F100859B3C /* Assets.xcassets */,
				B5F4E5AE20BD61F100859B3C /* LaunchScreen.storyboard */,
				B5F4E5B120BD61F100859B3C /* Info.plist */,
			);
			path = TheMovieDB;
			sourceTree = "<group>";
		};
		B5F4E5B920BD61F100859B3C /* TheMovieDBTests */ = {
			isa = PBXGroup;
			children = (
				B5F4E5EC20BD6C2F00859B3C /* UIImageViewNetworkSpecs.swift */,
				B5F4E5F020BD6D9E00859B3C /* FixedGridCellSizingSpec.swift */,
				B5F4E5DE20BD669100859B3C /* Networking Specs */,
				B5F4E5BC20BD61F100859B3C /* Info.plist */,
				B5F4E5F820BD7D9600859B3C /* Controllers Specs */,
			);
			path = TheMovieDBTests;
			sourceTree = "<group>";
		};
		B5F4E5C520BD631200859B3C /* App */ = {
			isa = PBXGroup;
			children = (
				B5F4E5A520BD61EF00859B3C /* AppDelegate.swift */,
			);
			path = App;
			sourceTree = "<group>";
		};
		B5F4E5C620BD631900859B3C /* Library */ = {
			isa = PBXGroup;
			children = (
				B5F4E5CA20BD639E00859B3C /* StoryboardInitializable.swift */,
				B5F4E5DA20BD660200859B3C /* DateFormatter+AppSpecific.swift */,
				B5F4E5EA20BD6B5600859B3C /* UIImageView+Network.swift */,
				B5F4E5EE20BD6D3C00859B3C /* FixedGridCellSizing.swift */,
			);
			path = Library;
			sourceTree = "<group>";
		};
		B5F4E5C720BD632900859B3C /* Networking */ = {
			isa = PBXGroup;
			children = (
				B5F4E5D120BD659A00859B3C /* MovieDBService.swift */,
				B5F4E5D320BD65A900859B3C /* Models */,
				B5F4E5E420BD67C100859B3C /* ImageService.swift */,
			);
			path = Networking;
			sourceTree = "<group>";
		};
		B5F4E5C820BD633000859B3C /* Controllers */ = {
			isa = PBXGroup;
			children = (
				B5F4E5C920BD635B00859B3C /* Movie List */,
				B5F4E5CE20BD640400859B3C /* Movie Details */,
			);
			path = Controllers;
			sourceTree = "<group>";
		};
		B5F4E5C920BD635B00859B3C /* Movie List */ = {
			isa = PBXGroup;
			children = (
				B5F4E5A720BD61EF00859B3C /* NowPlayingViewController.swift */,
				B5F4E5CF20BD645E00859B3C /* MovieListCollectionViewCell.swift */,
				B5F4E5F420BD6EFA00859B3C /* NowPlayingViewModel.swift */,
			);
			path = "Movie List";
			sourceTree = "<group>";
		};
		B5F4E5CE20BD640400859B3C /* Movie Details */ = {
			isa = PBXGroup;
			children = (
				B5F4E5CC20BD640000859B3C /* MovieDetailsViewController.swift */,
			);
			path = "Movie Details";
			sourceTree = "<group>";
		};
		B5F4E5D320BD65A900859B3C /* Models */ = {
			isa = PBXGroup;
			children = (
				B5F4E5D420BD65BF00859B3C /* Movie.swift */,
				B5F4E5D620BD65CC00859B3C /* MovieCollection.swift */,
				B5F4E5D820BD65E900859B3C /* NowPlayingMovies.swift */,
			);
			path = Models;
			sourceTree = "<group>";
		};
		B5F4E5DE20BD669100859B3C /* Networking Specs */ = {
			isa = PBXGroup;
			children = (
				B5F4E5DF20BD66A100859B3C /* mocks */,
				B5F4E5DC20BD662C00859B3C /* MovieDBServiceSpec.swift */,
				B5F4E5E620BD683F00859B3C /* ImageServiceSpec.swift */,
			);
			path = "Networking Specs";
			sourceTree = "<group>";
		};
		B5F4E5DF20BD66A100859B3C /* mocks */ = {
			isa = PBXGroup;
			children = (
				B5F4E5F920BD85D400859B3C /* MovieDBServiceMock.swift */,
				B5F4E5E820BD6A3500859B3C /* mock-image.png */,
				B5F4E5E020BD66C700859B3C /* nowplaying-mock.json */,
				B5F4E5E220BD66D700859B3C /* moviedetails-mock.json */,
			);
			path = mocks;
			sourceTree = "<group>";
		};
		B5F4E5F820BD7D9600859B3C /* Controllers Specs */ = {
			isa = PBXGroup;
			children = (
				B5F4E5F620BD7D7B00859B3C /* NowPlayingViewModelSpec.swift */,
				B5F4E5FB20BD88C300859B3C /* NowPlayingViewControllerSpec.swift */,
			);
			path = "Controllers Specs";
			sourceTree = "<group>";
		};
		DC20FF27D16E28CE30C0677D /* Frameworks */ = {
			isa = PBXGroup;
			children = (
				CAE0EAB035B2BC7B05AF9DF5 /* Pods_TheMovieDB.framework */,
				C483BA84845113E7A6545967 /* Pods_TheMovieDBTests.framework */,
			);
			name = Frameworks;
			sourceTree = "<group>";
		};
/* End PBXGroup section */

/* Begin PBXNativeTarget section */
		B5F4E5A120BD61EF00859B3C /* TheMovieDB */ = {
			isa = PBXNativeTarget;
			buildConfigurationList = B5F4E5BF20BD61F100859B3C /* Build configuration list for PBXNativeTarget "TheMovieDB" */;
			buildPhases = (
				6518928AB01E965C193DA80C /* [CP] Check Pods Manifest.lock */,
				B5F4E59E20BD61EF00859B3C /* Sources */,
				B5F4E59F20BD61EF00859B3C /* Frameworks */,
				B5F4E5A020BD61EF00859B3C /* Resources */,
				09B0FF0CF2F88BABAE7D475B /* [CP] Embed Pods Frameworks */,
			);
			buildRules = (
			);
			dependencies = (
			);
			name = TheMovieDB;
			productName = TheMovieDB;
			productReference = B5F4E5A220BD61EF00859B3C /* TheMovieDB.app */;
			productType = "com.apple.product-type.application";
		};
		B5F4E5B520BD61F100859B3C /* TheMovieDBTests */ = {
			isa = PBXNativeTarget;
			buildConfigurationList = B5F4E5C220BD61F100859B3C /* Build configuration list for PBXNativeTarget "TheMovieDBTests" */;
			buildPhases = (
				7C8689A517387495B152EB6F /* [CP] Check Pods Manifest.lock */,
				B5F4E5B220BD61F100859B3C /* Sources */,
				B5F4E5B320BD61F100859B3C /* Frameworks */,
				B5F4E5B420BD61F100859B3C /* Resources */,
				551C14BBCFBDD2AF65B1EC5D /* [CP] Embed Pods Frameworks */,
			);
			buildRules = (
			);
			dependencies = (
				B5F4E5B820BD61F100859B3C /* PBXTargetDependency */,
			);
			name = TheMovieDBTests;
			productName = TheMovieDBTests;
			productReference = B5F4E5B620BD61F100859B3C /* TheMovieDBTests.xctest */;
			productType = "com.apple.product-type.bundle.unit-test";
		};
/* End PBXNativeTarget section */

/* Begin PBXProject section */
		B5F4E59A20BD61EF00859B3C /* Project object */ = {
			isa = PBXProject;
			attributes = {
				LastSwiftUpdateCheck = 0930;
				LastUpgradeCheck = 0930;
				ORGANIZATIONNAME = "Dimitris C.";
				TargetAttributes = {
					B5F4E5A120BD61EF00859B3C = {
						CreatedOnToolsVersion = 9.3;
					};
					B5F4E5B520BD61F100859B3C = {
						CreatedOnToolsVersion = 9.3;
						LastSwiftMigration = 0930;
						TestTargetID = B5F4E5A120BD61EF00859B3C;
					};
				};
			};
			buildConfigurationList = B5F4E59D20BD61EF00859B3C /* Build configuration list for PBXProject "TheMovieDB" */;
			compatibilityVersion = "Xcode 9.3";
			developmentRegion = en;
			hasScannedForEncodings = 0;
			knownRegions = (
				en,
				Base,
			);
			mainGroup = B5F4E59920BD61EF00859B3C;
			productRefGroup = B5F4E5A320BD61EF00859B3C /* Products */;
			projectDirPath = "";
			projectRoot = "";
			targets = (
				B5F4E5A120BD61EF00859B3C /* TheMovieDB */,
				B5F4E5B520BD61F100859B3C /* TheMovieDBTests */,
			);
		};
/* End PBXProject section */

/* Begin PBXResourcesBuildPhase section */
		B5F4E5A020BD61EF00859B3C /* Resources */ = {
			isa = PBXResourcesBuildPhase;
			buildActionMask = 2147483647;
			files = (
				B5F4E5B020BD61F100859B3C /* LaunchScreen.storyboard in Resources */,
				B5F4E5AD20BD61F100859B3C /* Assets.xcassets in Resources */,
				B5F4E5AB20BD61EF00859B3C /* Main.storyboard in Resources */,
			);
			runOnlyForDeploymentPostprocessing = 0;
		};
		B5F4E5B420BD61F100859B3C /* Resources */ = {
			isa = PBXResourcesBuildPhase;
			buildActionMask = 2147483647;
			files = (
				B5F4E5E920BD6A3500859B3C /* mock-image.png in Resources */,
				B5F4E5E120BD66C700859B3C /* nowplaying-mock.json in Resources */,
				B5F4E5E320BD66D700859B3C /* moviedetails-mock.json in Resources */,
			);
			runOnlyForDeploymentPostprocessing = 0;
		};
/* End PBXResourcesBuildPhase section */

/* Begin PBXShellScriptBuildPhase section */
		09B0FF0CF2F88BABAE7D475B /* [CP] Embed Pods Frameworks */ = {
			isa = PBXShellScriptBuildPhase;
			buildActionMask = 2147483647;
			files = (
			);
			inputPaths = (
				"${SRCROOT}/Pods/Target Support Files/Pods-TheMovieDB/Pods-TheMovieDB-frameworks.sh",
				"${BUILT_PRODUCTS_DIR}/RxCocoa/RxCocoa.framework",
				"${BUILT_PRODUCTS_DIR}/RxSwift/RxSwift.framework",
			);
			name = "[CP] Embed Pods Frameworks";
			outputPaths = (
				"${TARGET_BUILD_DIR}/${FRAMEWORKS_FOLDER_PATH}/RxCocoa.framework",
				"${TARGET_BUILD_DIR}/${FRAMEWORKS_FOLDER_PATH}/RxSwift.framework",
			);
			runOnlyForDeploymentPostprocessing = 0;
			shellPath = /bin/sh;
			shellScript = "\"${SRCROOT}/Pods/Target Support Files/Pods-TheMovieDB/Pods-TheMovieDB-frameworks.sh\"\n";
			showEnvVarsInLog = 0;
		};
		551C14BBCFBDD2AF65B1EC5D /* [CP] Embed Pods Frameworks */ = {
			isa = PBXShellScriptBuildPhase;
			buildActionMask = 2147483647;
			files = (
			);
			inputPaths = (
				"${SRCROOT}/Pods/Target Support Files/Pods-TheMovieDBTests/Pods-TheMovieDBTests-frameworks.sh",
				"${BUILT_PRODUCTS_DIR}/RxSwift/RxSwift.framework",
				"${BUILT_PRODUCTS_DIR}/Mockingjay/Mockingjay.framework",
				"${BUILT_PRODUCTS_DIR}/Nimble/Nimble.framework",
				"${BUILT_PRODUCTS_DIR}/Quick/Quick.framework",
				"${BUILT_PRODUCTS_DIR}/RxBlocking/RxBlocking.framework",
				"${BUILT_PRODUCTS_DIR}/RxTest/RxTest.framework",
				"${BUILT_PRODUCTS_DIR}/URITemplate/URITemplate.framework",
			);
			name = "[CP] Embed Pods Frameworks";
			outputPaths = (
				"${TARGET_BUILD_DIR}/${FRAMEWORKS_FOLDER_PATH}/RxSwift.framework",
				"${TARGET_BUILD_DIR}/${FRAMEWORKS_FOLDER_PATH}/Mockingjay.framework",
				"${TARGET_BUILD_DIR}/${FRAMEWORKS_FOLDER_PATH}/Nimble.framework",
				"${TARGET_BUILD_DIR}/${FRAMEWORKS_FOLDER_PATH}/Quick.framework",
				"${TARGET_BUILD_DIR}/${FRAMEWORKS_FOLDER_PATH}/RxBlocking.framework",
				"${TARGET_BUILD_DIR}/${FRAMEWORKS_FOLDER_PATH}/RxTest.framework",
				"${TARGET_BUILD_DIR}/${FRAMEWORKS_FOLDER_PATH}/URITemplate.framework",
			);
			runOnlyForDeploymentPostprocessing = 0;
			shellPath = /bin/sh;
			shellScript = "\"${SRCROOT}/Pods/Target Support Files/Pods-TheMovieDBTests/Pods-TheMovieDBTests-frameworks.sh\"\n";
			showEnvVarsInLog = 0;
		};
		6518928AB01E965C193DA80C /* [CP] Check Pods Manifest.lock */ = {
			isa = PBXShellScriptBuildPhase;
			buildActionMask = 2147483647;
			files = (
			);
			inputPaths = (
				"${PODS_PODFILE_DIR_PATH}/Podfile.lock",
				"${PODS_ROOT}/Manifest.lock",
			);
			name = "[CP] Check Pods Manifest.lock";
			outputPaths = (
				"$(DERIVED_FILE_DIR)/Pods-TheMovieDB-checkManifestLockResult.txt",
			);
			runOnlyForDeploymentPostprocessing = 0;
			shellPath = /bin/sh;
			shellScript = "diff \"${PODS_PODFILE_DIR_PATH}/Podfile.lock\" \"${PODS_ROOT}/Manifest.lock\" > /dev/null\nif [ $? != 0 ] ; then\n    # print error to STDERR\n    echo \"error: The sandbox is not in sync with the Podfile.lock. Run 'pod install' or update your CocoaPods installation.\" >&2\n    exit 1\nfi\n# This output is used by Xcode 'outputs' to avoid re-running this script phase.\necho \"SUCCESS\" > \"${SCRIPT_OUTPUT_FILE_0}\"\n";
			showEnvVarsInLog = 0;
		};
		7C8689A517387495B152EB6F /* [CP] Check Pods Manifest.lock */ = {
			isa = PBXShellScriptBuildPhase;
			buildActionMask = 2147483647;
			files = (
			);
			inputPaths = (
				"${PODS_PODFILE_DIR_PATH}/Podfile.lock",
				"${PODS_ROOT}/Manifest.lock",
			);
			name = "[CP] Check Pods Manifest.lock";
			outputPaths = (
				"$(DERIVED_FILE_DIR)/Pods-TheMovieDBTests-checkManifestLockResult.txt",
			);
			runOnlyForDeploymentPostprocessing = 0;
			shellPath = /bin/sh;
			shellScript = "diff \"${PODS_PODFILE_DIR_PATH}/Podfile.lock\" \"${PODS_ROOT}/Manifest.lock\" > /dev/null\nif [ $? != 0 ] ; then\n    # print error to STDERR\n    echo \"error: The sandbox is not in sync with the Podfile.lock. Run 'pod install' or update your CocoaPods installation.\" >&2\n    exit 1\nfi\n# This output is used by Xcode 'outputs' to avoid re-running this script phase.\necho \"SUCCESS\" > \"${SCRIPT_OUTPUT_FILE_0}\"\n";
			showEnvVarsInLog = 0;
		};
/* End PBXShellScriptBuildPhase section */

/* Begin PBXSourcesBuildPhase section */
		B5F4E59E20BD61EF00859B3C /* Sources */ = {
			isa = PBXSourcesBuildPhase;
			buildActionMask = 2147483647;
			files = (
				B5F4E5EF20BD6D3C00859B3C /* FixedGridCellSizing.swift in Sources */,
				B5F4E5D520BD65BF00859B3C /* Movie.swift in Sources */,
				B5F4E5CD20BD640000859B3C /* MovieDetailsViewController.swift in Sources */,
				B5F4E5DB20BD660200859B3C /* DateFormatter+AppSpecific.swift in Sources */,
				B5F4E5F520BD6EFA00859B3C /* NowPlayingViewModel.swift in Sources */,
				B5F4E5D020BD645E00859B3C /* MovieListCollectionViewCell.swift in Sources */,
				B5F4E5A820BD61EF00859B3C /* NowPlayingViewController.swift in Sources */,
				B5F4E5EB20BD6B5600859B3C /* UIImageView+Network.swift in Sources */,
				B5F4E5D720BD65CC00859B3C /* MovieCollection.swift in Sources */,
				B5F4E5A620BD61EF00859B3C /* AppDelegate.swift in Sources */,
				B5F4E5D220BD659A00859B3C /* MovieDBService.swift in Sources */,
				B5F4E5E520BD67C100859B3C /* ImageService.swift in Sources */,
				B5F4E5CB20BD639E00859B3C /* StoryboardInitializable.swift in Sources */,
				B5F4E5D920BD65E900859B3C /* NowPlayingMovies.swift in Sources */,
			);
			runOnlyForDeploymentPostprocessing = 0;
		};
		B5F4E5B220BD61F100859B3C /* Sources */ = {
			isa = PBXSourcesBuildPhase;
			buildActionMask = 2147483647;
			files = (
				B5F4E5ED20BD6C2F00859B3C /* UIImageViewNetworkSpecs.swift in Sources */,
				B5F4E5F120BD6D9E00859B3C /* FixedGridCellSizingSpec.swift in Sources */,
				B5F4E5FA20BD85D400859B3C /* MovieDBServiceMock.swift in Sources */,
				B5F4E5E720BD683F00859B3C /* ImageServiceSpec.swift in Sources */,
				B5F4E5DD20BD662C00859B3C /* MovieDBServiceSpec.swift in Sources */,
				B5F4E5F720BD7D7B00859B3C /* NowPlayingViewModelSpec.swift in Sources */,
				B5F4E5FC20BD88C300859B3C /* NowPlayingViewControllerSpec.swift in Sources */,
			);
			runOnlyForDeploymentPostprocessing = 0;
		};
/* End PBXSourcesBuildPhase section */

/* Begin PBXTargetDependency section */
		B5F4E5B820BD61F100859B3C /* PBXTargetDependency */ = {
			isa = PBXTargetDependency;
			target = B5F4E5A120BD61EF00859B3C /* TheMovieDB */;
			targetProxy = B5F4E5B720BD61F100859B3C /* PBXContainerItemProxy */;
		};
/* End PBXTargetDependency section */

/* Begin PBXVariantGroup section */
		B5F4E5A920BD61EF00859B3C /* Main.storyboard */ = {
			isa = PBXVariantGroup;
			children = (
				B5F4E5AA20BD61EF00859B3C /* Base */,
			);
			name = Main.storyboard;
			sourceTree = "<group>";
		};
		B5F4E5AE20BD61F100859B3C /* LaunchScreen.storyboard */ = {
			isa = PBXVariantGroup;
			children = (
				B5F4E5AF20BD61F100859B3C /* Base */,
			);
			name = LaunchScreen.storyboard;
			sourceTree = "<group>";
		};
/* End PBXVariantGroup section */

/* Begin XCBuildConfiguration section */
		B5F4E5BD20BD61F100859B3C /* Debug */ = {
			isa = XCBuildConfiguration;
			buildSettings = {
				ALWAYS_SEARCH_USER_PATHS = NO;
				CLANG_ANALYZER_NONNULL = YES;
				CLANG_ANALYZER_NUMBER_OBJECT_CONVERSION = YES_AGGRESSIVE;
				CLANG_CXX_LANGUAGE_STANDARD = "gnu++14";
				CLANG_CXX_LIBRARY = "libc++";
				CLANG_ENABLE_MODULES = YES;
				CLANG_ENABLE_OBJC_ARC = YES;
				CLANG_ENABLE_OBJC_WEAK = YES;
				CLANG_WARN_BLOCK_CAPTURE_AUTORELEASING = YES;
				CLANG_WARN_BOOL_CONVERSION = YES;
				CLANG_WARN_COMMA = YES;
				CLANG_WARN_CONSTANT_CONVERSION = YES;
				CLANG_WARN_DEPRECATED_OBJC_IMPLEMENTATIONS = YES;
				CLANG_WARN_DIRECT_OBJC_ISA_USAGE = YES_ERROR;
				CLANG_WARN_DOCUMENTATION_COMMENTS = YES;
				CLANG_WARN_EMPTY_BODY = YES;
				CLANG_WARN_ENUM_CONVERSION = YES;
				CLANG_WARN_INFINITE_RECURSION = YES;
				CLANG_WARN_INT_CONVERSION = YES;
				CLANG_WARN_NON_LITERAL_NULL_CONVERSION = YES;
				CLANG_WARN_OBJC_IMPLICIT_RETAIN_SELF = YES;
				CLANG_WARN_OBJC_LITERAL_CONVERSION = YES;
				CLANG_WARN_OBJC_ROOT_CLASS = YES_ERROR;
				CLANG_WARN_RANGE_LOOP_ANALYSIS = YES;
				CLANG_WARN_STRICT_PROTOTYPES = YES;
				CLANG_WARN_SUSPICIOUS_MOVE = YES;
				CLANG_WARN_UNGUARDED_AVAILABILITY = YES_AGGRESSIVE;
				CLANG_WARN_UNREACHABLE_CODE = YES;
				CLANG_WARN__DUPLICATE_METHOD_MATCH = YES;
				CODE_SIGN_IDENTITY = "iPhone Developer";
				COPY_PHASE_STRIP = NO;
				DEBUG_INFORMATION_FORMAT = dwarf;
				ENABLE_STRICT_OBJC_MSGSEND = YES;
				ENABLE_TESTABILITY = YES;
				GCC_C_LANGUAGE_STANDARD = gnu11;
				GCC_DYNAMIC_NO_PIC = NO;
				GCC_NO_COMMON_BLOCKS = YES;
				GCC_OPTIMIZATION_LEVEL = 0;
				GCC_PREPROCESSOR_DEFINITIONS = (
					"DEBUG=1",
					"$(inherited)",
				);
				GCC_WARN_64_TO_32_BIT_CONVERSION = YES;
				GCC_WARN_ABOUT_RETURN_TYPE = YES_ERROR;
				GCC_WARN_UNDECLARED_SELECTOR = YES;
				GCC_WARN_UNINITIALIZED_AUTOS = YES_AGGRESSIVE;
				GCC_WARN_UNUSED_FUNCTION = YES;
				GCC_WARN_UNUSED_VARIABLE = YES;
				IPHONEOS_DEPLOYMENT_TARGET = 11.3;
				MTL_ENABLE_DEBUG_INFO = YES;
				ONLY_ACTIVE_ARCH = YES;
				SDKROOT = iphoneos;
				SWIFT_ACTIVE_COMPILATION_CONDITIONS = DEBUG;
				SWIFT_OPTIMIZATION_LEVEL = "-Onone";
			};
			name = Debug;
		};
		B5F4E5BE20BD61F100859B3C /* Release */ = {
			isa = XCBuildConfiguration;
			buildSettings = {
				ALWAYS_SEARCH_USER_PATHS = NO;
				CLANG_ANALYZER_NONNULL = YES;
				CLANG_ANALYZER_NUMBER_OBJECT_CONVERSION = YES_AGGRESSIVE;
				CLANG_CXX_LANGUAGE_STANDARD = "gnu++14";
				CLANG_CXX_LIBRARY = "libc++";
				CLANG_ENABLE_MODULES = YES;
				CLANG_ENABLE_OBJC_ARC = YES;
				CLANG_ENABLE_OBJC_WEAK = YES;
				CLANG_WARN_BLOCK_CAPTURE_AUTORELEASING = YES;
				CLANG_WARN_BOOL_CONVERSION = YES;
				CLANG_WARN_COMMA = YES;
				CLANG_WARN_CONSTANT_CONVERSION = YES;
				CLANG_WARN_DEPRECATED_OBJC_IMPLEMENTATIONS = YES;
				CLANG_WARN_DIRECT_OBJC_ISA_USAGE = YES_ERROR;
				CLANG_WARN_DOCUMENTATION_COMMENTS = YES;
				CLANG_WARN_EMPTY_BODY = YES;
				CLANG_WARN_ENUM_CONVERSION = YES;
				CLANG_WARN_INFINITE_RECURSION = YES;
				CLANG_WARN_INT_CONVERSION = YES;
				CLANG_WARN_NON_LITERAL_NULL_CONVERSION = YES;
				CLANG_WARN_OBJC_IMPLICIT_RETAIN_SELF = YES;
				CLANG_WARN_OBJC_LITERAL_CONVERSION = YES;
				CLANG_WARN_OBJC_ROOT_CLASS = YES_ERROR;
				CLANG_WARN_RANGE_LOOP_ANALYSIS = YES;
				CLANG_WARN_STRICT_PROTOTYPES = YES;
				CLANG_WARN_SUSPICIOUS_MOVE = YES;
				CLANG_WARN_UNGUARDED_AVAILABILITY = YES_AGGRESSIVE;
				CLANG_WARN_UNREACHABLE_CODE = YES;
				CLANG_WARN__DUPLICATE_METHOD_MATCH = YES;
				CODE_SIGN_IDENTITY = "iPhone Developer";
				COPY_PHASE_STRIP = NO;
				DEBUG_INFORMATION_FORMAT = "dwarf-with-dsym";
				ENABLE_NS_ASSERTIONS = NO;
				ENABLE_STRICT_OBJC_MSGSEND = YES;
				GCC_C_LANGUAGE_STANDARD = gnu11;
				GCC_NO_COMMON_BLOCKS = YES;
				GCC_WARN_64_TO_32_BIT_CONVERSION = YES;
				GCC_WARN_ABOUT_RETURN_TYPE = YES_ERROR;
				GCC_WARN_UNDECLARED_SELECTOR = YES;
				GCC_WARN_UNINITIALIZED_AUTOS = YES_AGGRESSIVE;
				GCC_WARN_UNUSED_FUNCTION = YES;
				GCC_WARN_UNUSED_VARIABLE = YES;
				IPHONEOS_DEPLOYMENT_TARGET = 11.3;
				MTL_ENABLE_DEBUG_INFO = NO;
				SDKROOT = iphoneos;
				SWIFT_COMPILATION_MODE = wholemodule;
				SWIFT_OPTIMIZATION_LEVEL = "-O";
				VALIDATE_PRODUCT = YES;
			};
			name = Release;
		};
		B5F4E5C020BD61F100859B3C /* Debug */ = {
			isa = XCBuildConfiguration;
			baseConfigurationReference = B1469994C1AA5ED239FBD47E /* Pods-TheMovieDB.debug.xcconfig */;
			buildSettings = {
				ASSETCATALOG_COMPILER_APPICON_NAME = AppIcon;
				CODE_SIGN_STYLE = Automatic;
				INFOPLIST_FILE = TheMovieDB/Info.plist;
				LD_RUNPATH_SEARCH_PATHS = (
					"$(inherited)",
					"@executable_path/Frameworks",
				);
				PRODUCT_BUNDLE_IDENTIFIER = gr.decimal.TheMovieDB;
				PRODUCT_NAME = "$(TARGET_NAME)";
				SWIFT_VERSION = 4.0;
				TARGETED_DEVICE_FAMILY = 1;
			};
			name = Debug;
		};
		B5F4E5C120BD61F100859B3C /* Release */ = {
			isa = XCBuildConfiguration;
			baseConfigurationReference = DE2B19F8BF50A3BF736FAD2A /* Pods-TheMovieDB.release.xcconfig */;
			buildSettings = {
				ASSETCATALOG_COMPILER_APPICON_NAME = AppIcon;
				CODE_SIGN_STYLE = Automatic;
				INFOPLIST_FILE = TheMovieDB/Info.plist;
				LD_RUNPATH_SEARCH_PATHS = (
					"$(inherited)",
					"@executable_path/Frameworks",
				);
				PRODUCT_BUNDLE_IDENTIFIER = gr.decimal.TheMovieDB;
				PRODUCT_NAME = "$(TARGET_NAME)";
				SWIFT_VERSION = 4.0;
				TARGETED_DEVICE_FAMILY = 1;
			};
			name = Release;
		};
		B5F4E5C320BD61F100859B3C /* Debug */ = {
			isa = XCBuildConfiguration;
			baseConfigurationReference = FD32B3D71782F190D58F88D7 /* Pods-TheMovieDBTests.debug.xcconfig */;
			buildSettings = {
				ALWAYS_EMBED_SWIFT_STANDARD_LIBRARIES = YES;
				BUNDLE_LOADER = "$(TEST_HOST)";
				CLANG_ENABLE_MODULES = YES;
				CODE_SIGN_STYLE = Automatic;
				INFOPLIST_FILE = TheMovieDBTests/Info.plist;
				LD_RUNPATH_SEARCH_PATHS = (
					"$(inherited)",
					"@executable_path/Frameworks",
					"@loader_path/Frameworks",
				);
				PRODUCT_BUNDLE_IDENTIFIER = gr.decimal.TheMovieDBTests;
				PRODUCT_NAME = "$(TARGET_NAME)";
				SWIFT_OPTIMIZATION_LEVEL = "-Onone";
				SWIFT_VERSION = 4.0;
				TARGETED_DEVICE_FAMILY = "1,2";
				TEST_HOST = "$(BUILT_PRODUCTS_DIR)/TheMovieDB.app/TheMovieDB";
			};
			name = Debug;
		};
		B5F4E5C420BD61F100859B3C /* Release */ = {
			isa = XCBuildConfiguration;
			baseConfigurationReference = C22D09992816FDD48C8D3ED0 /* Pods-TheMovieDBTests.release.xcconfig */;
			buildSettings = {
				ALWAYS_EMBED_SWIFT_STANDARD_LIBRARIES = YES;
				BUNDLE_LOADER = "$(TEST_HOST)";
				CLANG_ENABLE_MODULES = YES;
				CODE_SIGN_STYLE = Automatic;
				INFOPLIST_FILE = TheMovieDBTests/Info.plist;
				LD_RUNPATH_SEARCH_PATHS = (
					"$(inherited)",
					"@executable_path/Frameworks",
					"@loader_path/Frameworks",
				);
				PRODUCT_BUNDLE_IDENTIFIER = gr.decimal.TheMovieDBTests;
				PRODUCT_NAME = "$(TARGET_NAME)";
				SWIFT_VERSION = 4.0;
				TARGETED_DEVICE_FAMILY = "1,2";
				TEST_HOST = "$(BUILT_PRODUCTS_DIR)/TheMovieDB.app/TheMovieDB";
			};
			name = Release;
		};
/* End XCBuildConfiguration section */

/* Begin XCConfigurationList section */
		B5F4E59D20BD61EF00859B3C /* Build configuration list for PBXProject "TheMovieDB" */ = {
			isa = XCConfigurationList;
			buildConfigurations = (
				B5F4E5BD20BD61F100859B3C /* Debug */,
				B5F4E5BE20BD61F100859B3C /* Release */,
			);
			defaultConfigurationIsVisible = 0;
			defaultConfigurationName = Release;
		};
		B5F4E5BF20BD61F100859B3C /* Build configuration list for PBXNativeTarget "TheMovieDB" */ = {
			isa = XCConfigurationList;
			buildConfigurations = (
				B5F4E5C020BD61F100859B3C /* Debug */,
				B5F4E5C120BD61F100859B3C /* Release */,
			);
			defaultConfigurationIsVisible = 0;
			defaultConfigurationName = Release;
		};
		B5F4E5C220BD61F100859B3C /* Build configuration list for PBXNativeTarget "TheMovieDBTests" */ = {
			isa = XCConfigurationList;
			buildConfigurations = (
				B5F4E5C320BD61F100859B3C /* Debug */,
				B5F4E5C420BD61F100859B3C /* Release */,
			);
			defaultConfigurationIsVisible = 0;
			defaultConfigurationName = Release;
		};
/* End XCConfigurationList section */
	};
	rootObject = B5F4E59A20BD61EF00859B3C /* Project object */;
}
